// !$*UTF8*$!
{
	archiveVersion = 1;
	classes = {
	};
	objectVersion = 46;
	objects = {

/* Begin PBXBuildFile section */
		0D57F4521F7E82F300C924DC /* Assets.xcassets in Resources */ = {isa = PBXBuildFile; fileRef = 0D57F4441F7E82F300C924DC /* Assets.xcassets */; };
		0D57F4541F7E82F300C924DC /* CarentSDK.swift in Sources */ = {isa = PBXBuildFile; fileRef = 0D57F4461F7E82F300C924DC /* CarentSDK.swift */; };
		0D57F4551F7E82F300C924DC /* CNBaseViewController.swift in Sources */ = {isa = PBXBuildFile; fileRef = 0D57F4481F7E82F300C924DC /* CNBaseViewController.swift */; };
		0D57F4561F7E82F300C924DC /* CNViewController.swift in Sources */ = {isa = PBXBuildFile; fileRef = 0D57F4491F7E82F300C924DC /* CNViewController.swift */; };
		0D57F4571F7E82F300C924DC /* Info.plist in Resources */ = {isa = PBXBuildFile; fileRef = 0D57F44B1F7E82F300C924DC /* Info.plist */; };
		0D57F4581F7E82F300C924DC /* SDK.storyboard in Resources */ = {isa = PBXBuildFile; fileRef = 0D57F44D1F7E82F300C924DC /* SDK.storyboard */; };
		0D57F4591F7E82F300C924DC /* CNWebService.swift in Sources */ = {isa = PBXBuildFile; fileRef = 0D57F4511F7E82F300C924DC /* CNWebService.swift */; };
		0D57F45D1F7E872E00C924DC /* CNBaseEntity.swift in Sources */ = {isa = PBXBuildFile; fileRef = 0D57F45C1F7E872E00C924DC /* CNBaseEntity.swift */; };
		0D57F4601F7E8AA000C924DC /* CNUser.swift in Sources */ = {isa = PBXBuildFile; fileRef = 0D57F45F1F7E8AA000C924DC /* CNUser.swift */; };
		33A3CF6E76B84E9EB9A7D70F /* Pods_CarenetSDK.framework in Frameworks */ = {isa = PBXBuildFile; fileRef = CCA1BC881A900B27CE697983 /* Pods_CarenetSDK.framework */; };
		D33E44E61F814DE600D7F14F /* CNSignViewController.swift in Sources */ = {isa = PBXBuildFile; fileRef = D33E44E51F814DE600D7F14F /* CNSignViewController.swift */; };
/* End PBXBuildFile section */

/* Begin PBXFileReference section */
		0D57F4441F7E82F300C924DC /* Assets.xcassets */ = {isa = PBXFileReference; lastKnownFileType = folder.assetcatalog; path = Assets.xcassets; sourceTree = "<group>"; };
		0D57F4461F7E82F300C924DC /* CarentSDK.swift */ = {isa = PBXFileReference; fileEncoding = 4; lastKnownFileType = sourcecode.swift; path = CarentSDK.swift; sourceTree = "<group>"; };
		0D57F4481F7E82F300C924DC /* CNBaseViewController.swift */ = {isa = PBXFileReference; fileEncoding = 4; lastKnownFileType = sourcecode.swift; path = CNBaseViewController.swift; sourceTree = "<group>"; };
		0D57F4491F7E82F300C924DC /* CNViewController.swift */ = {isa = PBXFileReference; fileEncoding = 4; lastKnownFileType = sourcecode.swift; path = CNViewController.swift; sourceTree = "<group>"; };
		0D57F44B1F7E82F300C924DC /* Info.plist */ = {isa = PBXFileReference; fileEncoding = 4; lastKnownFileType = text.plist.xml; name = Info.plist; path = CarenetSDK/Info.plist; sourceTree = "<group>"; };
		0D57F44D1F7E82F300C924DC /* SDK.storyboard */ = {isa = PBXFileReference; fileEncoding = 4; lastKnownFileType = file.storyboard; path = SDK.storyboard; sourceTree = "<group>"; };
		0D57F4511F7E82F300C924DC /* CNWebService.swift */ = {isa = PBXFileReference; fileEncoding = 4; lastKnownFileType = sourcecode.swift; path = CNWebService.swift; sourceTree = "<group>"; };
		0D57F45C1F7E872E00C924DC /* CNBaseEntity.swift */ = {isa = PBXFileReference; fileEncoding = 4; lastKnownFileType = sourcecode.swift; path = CNBaseEntity.swift; sourceTree = "<group>"; };
		0D57F45F1F7E8AA000C924DC /* CNUser.swift */ = {isa = PBXFileReference; fileEncoding = 4; lastKnownFileType = sourcecode.swift; path = CNUser.swift; sourceTree = "<group>"; };
		0DDEE6BC1F7ADFDB00C23CD7 /* CarenetSDK.framework */ = {isa = PBXFileReference; explicitFileType = wrapper.framework; includeInIndex = 0; path = CarenetSDK.framework; sourceTree = BUILT_PRODUCTS_DIR; };
		5148134386C878CFC053BE38 /* Pods-CarenetSDK.release.xcconfig */ = {isa = PBXFileReference; includeInIndex = 1; lastKnownFileType = text.xcconfig; name = "Pods-CarenetSDK.release.xcconfig"; path = "Pods/Target Support Files/Pods-CarenetSDK/Pods-CarenetSDK.release.xcconfig"; sourceTree = "<group>"; };
		622312B5C121C3874C9F5D95 /* Pods-CarenetSDK.debug.xcconfig */ = {isa = PBXFileReference; includeInIndex = 1; lastKnownFileType = text.xcconfig; name = "Pods-CarenetSDK.debug.xcconfig"; path = "Pods/Target Support Files/Pods-CarenetSDK/Pods-CarenetSDK.debug.xcconfig"; sourceTree = "<group>"; };
		CCA1BC881A900B27CE697983 /* Pods_CarenetSDK.framework */ = {isa = PBXFileReference; explicitFileType = wrapper.framework; includeInIndex = 0; path = Pods_CarenetSDK.framework; sourceTree = BUILT_PRODUCTS_DIR; };
		D33E44E51F814DE600D7F14F /* CNSignViewController.swift */ = {isa = PBXFileReference; fileEncoding = 4; lastKnownFileType = sourcecode.swift; path = CNSignViewController.swift; sourceTree = "<group>"; };
/* End PBXFileReference section */

/* Begin PBXFrameworksBuildPhase section */
		0DDEE6B81F7ADFDB00C23CD7 /* Frameworks */ = {
			isa = PBXFrameworksBuildPhase;
			buildActionMask = 2147483647;
			files = (
				33A3CF6E76B84E9EB9A7D70F /* Pods_CarenetSDK.framework in Frameworks */,
			);
			runOnlyForDeploymentPostprocessing = 0;
		};
/* End PBXFrameworksBuildPhase section */

/* Begin PBXGroup section */
		0D57F4471F7E82F300C924DC /* controllers */ = {
			isa = PBXGroup;
			children = (
				0D57F4481F7E82F300C924DC /* CNBaseViewController.swift */,
				0D57F4491F7E82F300C924DC /* CNViewController.swift */,
				D33E44E51F814DE600D7F14F /* CNSignViewController.swift */,
			);
			path = controllers;
			sourceTree = "<group>";
		};
		0D57F44A1F7E82F300C924DC /* entities */ = {
			isa = PBXGroup;
			children = (
				0D57F45C1F7E872E00C924DC /* CNBaseEntity.swift */,
				0D57F45F1F7E8AA000C924DC /* CNUser.swift */,
			);
			path = entities;
			sourceTree = "<group>";
		};
		0D57F44C1F7E82F300C924DC /* storyboards */ = {
			isa = PBXGroup;
			children = (
				0D57F44D1F7E82F300C924DC /* SDK.storyboard */,
			);
			path = storyboards;
			sourceTree = "<group>";
		};
		0D57F44E1F7E82F300C924DC /* views */ = {
			isa = PBXGroup;
			children = (
				0D57F44F1F7E82F300C924DC /* cells */,
			);
			path = views;
			sourceTree = "<group>";
		};
		0D57F44F1F7E82F300C924DC /* cells */ = {
			isa = PBXGroup;
			children = (
			);
			path = cells;
			sourceTree = "<group>";
		};
		0D57F4501F7E82F300C924DC /* web_service */ = {
			isa = PBXGroup;
			children = (
				0D57F4511F7E82F300C924DC /* CNWebService.swift */,
			);
			path = web_service;
			sourceTree = "<group>";
		};
		0DDEE6B21F7ADFDB00C23CD7 = {
			isa = PBXGroup;
			children = (
				0DDEE6BE1F7ADFDB00C23CD7 /* CarenetSDK */,
				0D57F44B1F7E82F300C924DC /* Info.plist */,
				0DDEE6BD1F7ADFDB00C23CD7 /* Products */,
				A4A21192045758CCF6108216 /* Pods */,
				3AE5B7B27463E63D6FF28634 /* Frameworks */,
			);
			sourceTree = "<group>";
		};
		0DDEE6BD1F7ADFDB00C23CD7 /* Products */ = {
			isa = PBXGroup;
			children = (
				0DDEE6BC1F7ADFDB00C23CD7 /* CarenetSDK.framework */,
			);
			name = Products;
			sourceTree = "<group>";
		};
		0DDEE6BE1F7ADFDB00C23CD7 /* CarenetSDK */ = {
			isa = PBXGroup;
			children = (
				0D57F4461F7E82F300C924DC /* CarentSDK.swift */,
				0D57F4441F7E82F300C924DC /* Assets.xcassets */,
				0D57F4471F7E82F300C924DC /* controllers */,
				0D57F44A1F7E82F300C924DC /* entities */,
				0D57F44C1F7E82F300C924DC /* storyboards */,
				0D57F44E1F7E82F300C924DC /* views */,
				0D57F4501F7E82F300C924DC /* web_service */,
			);
			path = CarenetSDK;
			sourceTree = "<group>";
		};
		3AE5B7B27463E63D6FF28634 /* Frameworks */ = {
			isa = PBXGroup;
			children = (
				CCA1BC881A900B27CE697983 /* Pods_CarenetSDK.framework */,
			);
			name = Frameworks;
			sourceTree = "<group>";
		};
		A4A21192045758CCF6108216 /* Pods */ = {
			isa = PBXGroup;
			children = (
				622312B5C121C3874C9F5D95 /* Pods-CarenetSDK.debug.xcconfig */,
				5148134386C878CFC053BE38 /* Pods-CarenetSDK.release.xcconfig */,
			);
			name = Pods;
			sourceTree = "<group>";
		};
/* End PBXGroup section */

/* Begin PBXHeadersBuildPhase section */
		0DDEE6B91F7ADFDB00C23CD7 /* Headers */ = {
			isa = PBXHeadersBuildPhase;
			buildActionMask = 2147483647;
			files = (
			);
			runOnlyForDeploymentPostprocessing = 0;
		};
/* End PBXHeadersBuildPhase section */

/* Begin PBXNativeTarget section */
		0DDEE6BB1F7ADFDB00C23CD7 /* CarenetSDK */ = {
			isa = PBXNativeTarget;
			buildConfigurationList = 0DDEE6C41F7ADFDB00C23CD7 /* Build configuration list for PBXNativeTarget "CarenetSDK" */;
			buildPhases = (
				108726A571C2DE0100CF0F96 /* [CP] Check Pods Manifest.lock */,
				0DDEE6B71F7ADFDB00C23CD7 /* Sources */,
				0DDEE6B81F7ADFDB00C23CD7 /* Frameworks */,
				0DDEE6B91F7ADFDB00C23CD7 /* Headers */,
				0DDEE6BA1F7ADFDB00C23CD7 /* Resources */,
				0F3507AAEFE32523A5014B58 /* [CP] Copy Pods Resources */,
			);
			buildRules = (
			);
			dependencies = (
			);
			name = CarenetSDK;
			productName = CarenetSDK;
			productReference = 0DDEE6BC1F7ADFDB00C23CD7 /* CarenetSDK.framework */;
			productType = "com.apple.product-type.framework";
		};
/* End PBXNativeTarget section */

/* Begin PBXProject section */
		0DDEE6B31F7ADFDB00C23CD7 /* Project object */ = {
			isa = PBXProject;
			attributes = {
				LastUpgradeCheck = 0830;
				ORGANIZATIONNAME = "Renato Carvalhan";
				TargetAttributes = {
					0DDEE6BB1F7ADFDB00C23CD7 = {
						CreatedOnToolsVersion = 8.3.3;
						LastSwiftMigration = 0830;
						ProvisioningStyle = Automatic;
					};
				};
			};
			buildConfigurationList = 0DDEE6B61F7ADFDB00C23CD7 /* Build configuration list for PBXProject "CarenetSDK" */;
			compatibilityVersion = "Xcode 3.2";
			developmentRegion = English;
			hasScannedForEncodings = 0;
			knownRegions = (
				en,
			);
			mainGroup = 0DDEE6B21F7ADFDB00C23CD7;
			productRefGroup = 0DDEE6BD1F7ADFDB00C23CD7 /* Products */;
			projectDirPath = "";
			projectRoot = "";
			targets = (
				0DDEE6BB1F7ADFDB00C23CD7 /* CarenetSDK */,
			);
		};
/* End PBXProject section */

/* Begin PBXResourcesBuildPhase section */
		0DDEE6BA1F7ADFDB00C23CD7 /* Resources */ = {
			isa = PBXResourcesBuildPhase;
			buildActionMask = 2147483647;
			files = (
				0D57F4571F7E82F300C924DC /* Info.plist in Resources */,
				0D57F4521F7E82F300C924DC /* Assets.xcassets in Resources */,
				0D57F4581F7E82F300C924DC /* SDK.storyboard in Resources */,
			);
			runOnlyForDeploymentPostprocessing = 0;
		};
/* End PBXResourcesBuildPhase section */

/* Begin PBXShellScriptBuildPhase section */
		0F3507AAEFE32523A5014B58 /* [CP] Copy Pods Resources */ = {
			isa = PBXShellScriptBuildPhase;
			buildActionMask = 2147483647;
			files = (
			);
			inputPaths = (
			);
			name = "[CP] Copy Pods Resources";
			outputPaths = (
			);
			runOnlyForDeploymentPostprocessing = 0;
			shellPath = /bin/sh;
			shellScript = "\"${SRCROOT}/Pods/Target Support Files/Pods-CarenetSDK/Pods-CarenetSDK-resources.sh\"\n";
			showEnvVarsInLog = 0;
		};
		108726A571C2DE0100CF0F96 /* [CP] Check Pods Manifest.lock */ = {
			isa = PBXShellScriptBuildPhase;
			buildActionMask = 2147483647;
			files = (
			);
			inputPaths = (
				"${PODS_PODFILE_DIR_PATH}/Podfile.lock",
				"${PODS_ROOT}/Manifest.lock",
			);
			name = "[CP] Check Pods Manifest.lock";
			outputPaths = (
				"$(DERIVED_FILE_DIR)/Pods-CarenetSDK-checkManifestLockResult.txt",
			);
			runOnlyForDeploymentPostprocessing = 0;
			shellPath = /bin/sh;
			shellScript = "diff \"${PODS_PODFILE_DIR_PATH}/Podfile.lock\" \"${PODS_ROOT}/Manifest.lock\" > /dev/null\nif [ $? != 0 ] ; then\n    # print error to STDERR\n    echo \"error: The sandbox is not in sync with the Podfile.lock. Run 'pod install' or update your CocoaPods installation.\" >&2\n    exit 1\nfi\n# This output is used by Xcode 'outputs' to avoid re-running this script phase.\necho \"SUCCESS\" > \"${SCRIPT_OUTPUT_FILE_0}\"\n";
			showEnvVarsInLog = 0;
		};
/* End PBXShellScriptBuildPhase section */

/* Begin PBXSourcesBuildPhase section */
		0DDEE6B71F7ADFDB00C23CD7 /* Sources */ = {
			isa = PBXSourcesBuildPhase;
			buildActionMask = 2147483647;
			files = (
				0D57F4551F7E82F300C924DC /* CNBaseViewController.swift in Sources */,
				0D57F4591F7E82F300C924DC /* CNWebService.swift in Sources */,
				0D57F4541F7E82F300C924DC /* CarentSDK.swift in Sources */,
				0D57F4601F7E8AA000C924DC /* CNUser.swift in Sources */,
				0D57F45D1F7E872E00C924DC /* CNBaseEntity.swift in Sources */,
				0D57F4561F7E82F300C924DC /* CNViewController.swift in Sources */,
				D33E44E61F814DE600D7F14F /* CNSignViewController.swift in Sources */,
			);
			runOnlyForDeploymentPostprocessing = 0;
		};
/* End PBXSourcesBuildPhase section */

/* Begin XCBuildConfiguration section */
		0DDEE6C21F7ADFDB00C23CD7 /* Debug */ = {
			isa = XCBuildConfiguration;
			buildSettings = {
				ALWAYS_SEARCH_USER_PATHS = NO;
				CLANG_ANALYZER_NONNULL = YES;
				CLANG_ANALYZER_NUMBER_OBJECT_CONVERSION = YES_AGGRESSIVE;
				CLANG_CXX_LANGUAGE_STANDARD = "gnu++0x";
				CLANG_CXX_LIBRARY = "libc++";
				CLANG_ENABLE_MODULES = YES;
				CLANG_ENABLE_OBJC_ARC = YES;
				CLANG_WARN_BOOL_CONVERSION = YES;
				CLANG_WARN_CONSTANT_CONVERSION = YES;
				CLANG_WARN_DIRECT_OBJC_ISA_USAGE = YES_ERROR;
				CLANG_WARN_DOCUMENTATION_COMMENTS = YES;
				CLANG_WARN_EMPTY_BODY = YES;
				CLANG_WARN_ENUM_CONVERSION = YES;
				CLANG_WARN_INFINITE_RECURSION = YES;
				CLANG_WARN_INT_CONVERSION = YES;
				CLANG_WARN_OBJC_ROOT_CLASS = YES_ERROR;
				CLANG_WARN_SUSPICIOUS_MOVE = YES;
				CLANG_WARN_UNREACHABLE_CODE = YES;
				CLANG_WARN__DUPLICATE_METHOD_MATCH = YES;
				"CODE_SIGN_IDENTITY[sdk=iphoneos*]" = "iPhone Developer";
				COPY_PHASE_STRIP = NO;
				CURRENT_PROJECT_VERSION = 1;
				DEBUG_INFORMATION_FORMAT = dwarf;
				ENABLE_STRICT_OBJC_MSGSEND = YES;
				ENABLE_TESTABILITY = YES;
				GCC_C_LANGUAGE_STANDARD = gnu99;
				GCC_DYNAMIC_NO_PIC = NO;
				GCC_NO_COMMON_BLOCKS = YES;
				GCC_OPTIMIZATION_LEVEL = 0;
				GCC_PREPROCESSOR_DEFINITIONS = (
					"DEBUG=1",
					"$(inherited)",
				);
				GCC_WARN_64_TO_32_BIT_CONVERSION = YES;
				GCC_WARN_ABOUT_RETURN_TYPE = YES_ERROR;
				GCC_WARN_UNDECLARED_SELECTOR = YES;
				GCC_WARN_UNINITIALIZED_AUTOS = YES_AGGRESSIVE;
				GCC_WARN_UNUSED_FUNCTION = YES;
				GCC_WARN_UNUSED_VARIABLE = YES;
				IPHONEOS_DEPLOYMENT_TARGET = 10.3;
				MTL_ENABLE_DEBUG_INFO = YES;
				ONLY_ACTIVE_ARCH = YES;
				SDKROOT = iphoneos;
				SWIFT_ACTIVE_COMPILATION_CONDITIONS = DEBUG;
				SWIFT_OPTIMIZATION_LEVEL = "-Onone";
				TARGETED_DEVICE_FAMILY = "1,2";
				VERSIONING_SYSTEM = "apple-generic";
				VERSION_INFO_PREFIX = "";
			};
			name = Debug;
		};
		0DDEE6C31F7ADFDB00C23CD7 /* Release */ = {
			isa = XCBuildConfiguration;
			buildSettings = {
				ALWAYS_SEARCH_USER_PATHS = NO;
				CLANG_ANALYZER_NONNULL = YES;
				CLANG_ANALYZER_NUMBER_OBJECT_CONVERSION = YES_AGGRESSIVE;
				CLANG_CXX_LANGUAGE_STANDARD = "gnu++0x";
				CLANG_CXX_LIBRARY = "libc++";
				CLANG_ENABLE_MODULES = YES;
				CLANG_ENABLE_OBJC_ARC = YES;
				CLANG_WARN_BOOL_CONVERSION = YES;
				CLANG_WARN_CONSTANT_CONVERSION = YES;
				CLANG_WARN_DIRECT_OBJC_ISA_USAGE = YES_ERROR;
				CLANG_WARN_DOCUMENTATION_COMMENTS = YES;
				CLANG_WARN_EMPTY_BODY = YES;
				CLANG_WARN_ENUM_CONVERSION = YES;
				CLANG_WARN_INFINITE_RECURSION = YES;
				CLANG_WARN_INT_CONVERSION = YES;
				CLANG_WARN_OBJC_ROOT_CLASS = YES_ERROR;
				CLANG_WARN_SUSPICIOUS_MOVE = YES;
				CLANG_WARN_UNREACHABLE_CODE = YES;
				CLANG_WARN__DUPLICATE_METHOD_MATCH = YES;
				"CODE_SIGN_IDENTITY[sdk=iphoneos*]" = "iPhone Developer";
				COPY_PHASE_STRIP = NO;
				CURRENT_PROJECT_VERSION = 1;
				DEBUG_INFORMATION_FORMAT = "dwarf-with-dsym";
				ENABLE_NS_ASSERTIONS = NO;
				ENABLE_STRICT_OBJC_MSGSEND = YES;
				GCC_C_LANGUAGE_STANDARD = gnu99;
				GCC_NO_COMMON_BLOCKS = YES;
				GCC_WARN_64_TO_32_BIT_CONVERSION = YES;
				GCC_WARN_ABOUT_RETURN_TYPE = YES_ERROR;
				GCC_WARN_UNDECLARED_SELECTOR = YES;
				GCC_WARN_UNINITIALIZED_AUTOS = YES_AGGRESSIVE;
				GCC_WARN_UNUSED_FUNCTION = YES;
				GCC_WARN_UNUSED_VARIABLE = YES;
				IPHONEOS_DEPLOYMENT_TARGET = 10.3;
				MTL_ENABLE_DEBUG_INFO = NO;
				SDKROOT = iphoneos;
				SWIFT_OPTIMIZATION_LEVEL = "-Owholemodule";
				TARGETED_DEVICE_FAMILY = "1,2";
				VALIDATE_PRODUCT = YES;
				VERSIONING_SYSTEM = "apple-generic";
				VERSION_INFO_PREFIX = "";
			};
			name = Release;
		};
		0DDEE6C51F7ADFDB00C23CD7 /* Debug */ = {
			isa = XCBuildConfiguration;
			baseConfigurationReference = 622312B5C121C3874C9F5D95 /* Pods-CarenetSDK.debug.xcconfig */;
			buildSettings = {
				CLANG_ENABLE_MODULES = YES;
				CODE_SIGN_IDENTITY = "";
				DEFINES_MODULE = YES;
				DYLIB_COMPATIBILITY_VERSION = 1;
				DYLIB_CURRENT_VERSION = 1;
				DYLIB_INSTALL_NAME_BASE = "@rpath";
				INFOPLIST_FILE = CarenetSDK/Info.plist;
				INSTALL_PATH = "$(LOCAL_LIBRARY_DIR)/Frameworks";
				IPHONEOS_DEPLOYMENT_TARGET = 9.0;
				LD_RUNPATH_SEARCH_PATHS = "$(inherited) @executable_path/Frameworks @loader_path/Frameworks";
				PRODUCT_BUNDLE_IDENTIFIER = br.com.carenet.CarenetSDK;
				PRODUCT_NAME = "$(TARGET_NAME)";
				SKIP_INSTALL = YES;
				SWIFT_OPTIMIZATION_LEVEL = "-Onone";
				SWIFT_VERSION = 3.0;
			};
			name = Debug;
		};
		0DDEE6C61F7ADFDB00C23CD7 /* Release */ = {
			isa = XCBuildConfiguration;
			baseConfigurationReference = 5148134386C878CFC053BE38 /* Pods-CarenetSDK.release.xcconfig */;
			buildSettings = {
				CLANG_ENABLE_MODULES = YES;
				CODE_SIGN_IDENTITY = "";
				DEFINES_MODULE = YES;
				DYLIB_COMPATIBILITY_VERSION = 1;
				DYLIB_CURRENT_VERSION = 1;
				DYLIB_INSTALL_NAME_BASE = "@rpath";
				INFOPLIST_FILE = CarenetSDK/Info.plist;
				INSTALL_PATH = "$(LOCAL_LIBRARY_DIR)/Frameworks";
				IPHONEOS_DEPLOYMENT_TARGET = 9.0;
				LD_RUNPATH_SEARCH_PATHS = "$(inherited) @executable_path/Frameworks @loader_path/Frameworks";
				PRODUCT_BUNDLE_IDENTIFIER = br.com.carenet.CarenetSDK;
				PRODUCT_NAME = "$(TARGET_NAME)";
				SKIP_INSTALL = YES;
				SWIFT_VERSION = 3.0;
			};
			name = Release;
		};
/* End XCBuildConfiguration section */

/* Begin XCConfigurationList section */
		0DDEE6B61F7ADFDB00C23CD7 /* Build configuration list for PBXProject "CarenetSDK" */ = {
			isa = XCConfigurationList;
			buildConfigurations = (
				0DDEE6C21F7ADFDB00C23CD7 /* Debug */,
				0DDEE6C31F7ADFDB00C23CD7 /* Release */,
			);
			defaultConfigurationIsVisible = 0;
			defaultConfigurationName = Release;
		};
		0DDEE6C41F7ADFDB00C23CD7 /* Build configuration list for PBXNativeTarget "CarenetSDK" */ = {
			isa = XCConfigurationList;
			buildConfigurations = (
				0DDEE6C51F7ADFDB00C23CD7 /* Debug */,
				0DDEE6C61F7ADFDB00C23CD7 /* Release */,
			);
			defaultConfigurationIsVisible = 0;
			defaultConfigurationName = Release;
		};
/* End XCConfigurationList section */
	};
	rootObject = 0DDEE6B31F7ADFDB00C23CD7 /* Project object */;
}
